// !$*UTF8*$!
{
	archiveVersion = 1;
	classes = {
	};
	objectVersion = 52;
	objects = {

/* Begin PBXBuildFile section */
		3491642423DA5D8C00930411 /* AppDelegate.swift in Sources */ = {isa = PBXBuildFile; fileRef = 3491642323DA5D8C00930411 /* AppDelegate.swift */; };
		3491642B23DA5D8C00930411 /* Main.storyboard in Resources */ = {isa = PBXBuildFile; fileRef = 3491642923DA5D8C00930411 /* Main.storyboard */; };
		3491642D23DA5D8C00930411 /* Assets.xcassets in Resources */ = {isa = PBXBuildFile; fileRef = 3491642C23DA5D8C00930411 /* Assets.xcassets */; };
		3491643023DA5D8C00930411 /* LaunchScreen.storyboard in Resources */ = {isa = PBXBuildFile; fileRef = 3491642E23DA5D8C00930411 /* LaunchScreen.storyboard */; };
		3491645023DA5F8000930411 /* LocalAuthentication.framework in Frameworks */ = {isa = PBXBuildFile; fileRef = 3491644F23DA5F8000930411 /* LocalAuthentication.framework */; };
		3491645223DA5F8600930411 /* SafariServices.framework in Frameworks */ = {isa = PBXBuildFile; fileRef = 3491645123DA5F8600930411 /* SafariServices.framework */; };
		3491645423DA5F8D00930411 /* AuthenticationServices.framework in Frameworks */ = {isa = PBXBuildFile; fileRef = 3491645323DA5F8D00930411 /* AuthenticationServices.framework */; };
		3491645623DA5F9500930411 /* SystemConfiguration.framework in Frameworks */ = {isa = PBXBuildFile; fileRef = 3491645523DA5F9500930411 /* SystemConfiguration.framework */; };
		3491646423DA66DF00930411 /* BaseViewController.swift in Sources */ = {isa = PBXBuildFile; fileRef = 3491646323DA66DF00930411 /* BaseViewController.swift */; };
		3491646723DA695100930411 /* LoginView.swift in Sources */ = {isa = PBXBuildFile; fileRef = 3491646623DA695100930411 /* LoginView.swift */; };
		3491646923DA695A00930411 /* LoginViewController.swift in Sources */ = {isa = PBXBuildFile; fileRef = 3491646823DA695A00930411 /* LoginViewController.swift */; };
		3491646B23DA696800930411 /* LoginViewModel.swift in Sources */ = {isa = PBXBuildFile; fileRef = 3491646A23DA696800930411 /* LoginViewModel.swift */; };
		3491646E23DA698F00930411 /* NibView.swift in Sources */ = {isa = PBXBuildFile; fileRef = 3491646D23DA698F00930411 /* NibView.swift */; };
		3491647223DA756B00930411 /* NetworkManager.swift in Sources */ = {isa = PBXBuildFile; fileRef = 3491647123DA756B00930411 /* NetworkManager.swift */; };
		3491647523DA758E00930411 /* RepositoryManager.swift in Sources */ = {isa = PBXBuildFile; fileRef = 3491647423DA758E00930411 /* RepositoryManager.swift */; };
		3491647E23DA7FB600930411 /* NetworkError.swift in Sources */ = {isa = PBXBuildFile; fileRef = 3491647D23DA7FB600930411 /* NetworkError.swift */; };
		3491648123DA811D00930411 /* URLSessionExtension.swift in Sources */ = {isa = PBXBuildFile; fileRef = 3491648023DA811D00930411 /* URLSessionExtension.swift */; };
		3491648523DA88B300930411 /* LoginView.xib in Resources */ = {isa = PBXBuildFile; fileRef = 3491648423DA88B300930411 /* LoginView.xib */; };
		34A184CC23DBB56B00A464DD /* NetworkAPI.swift in Sources */ = {isa = PBXBuildFile; fileRef = 34A184CB23DBB56B00A464DD /* NetworkAPI.swift */; };
		34A184CE23DBB78100A464DD /* Items.swift in Sources */ = {isa = PBXBuildFile; fileRef = 34A184CD23DBB78100A464DD /* Items.swift */; };
		34A184D023DBB83B00A464DD /* ContentDetails.swift in Sources */ = {isa = PBXBuildFile; fileRef = 34A184CF23DBB83B00A464DD /* ContentDetails.swift */; };
		34A184D223DBB86400A464DD /* Snippet.swift in Sources */ = {isa = PBXBuildFile; fileRef = 34A184D123DBB86400A464DD /* Snippet.swift */; };
		34A184D423DBB8AB00A464DD /* Thumbnails.swift in Sources */ = {isa = PBXBuildFile; fileRef = 34A184D323DBB8AB00A464DD /* Thumbnails.swift */; };
		34A184D623DBBC6200A464DD /* ListViewController.swift in Sources */ = {isa = PBXBuildFile; fileRef = 34A184D523DBBC6200A464DD /* ListViewController.swift */; };
		34A184D823DBBC6C00A464DD /* ListViewModel.swift in Sources */ = {isa = PBXBuildFile; fileRef = 34A184D723DBBC6C00A464DD /* ListViewModel.swift */; };
		34A184DA23DBBC7400A464DD /* ListView.swift in Sources */ = {isa = PBXBuildFile; fileRef = 34A184D923DBBC7400A464DD /* ListView.swift */; };
		34A184DC23DBBC8000A464DD /* ListView.xib in Resources */ = {isa = PBXBuildFile; fileRef = 34A184DB23DBBC8000A464DD /* ListView.xib */; };
		34A184E623DBC52800A464DD /* ListViewCell.swift in Sources */ = {isa = PBXBuildFile; fileRef = 34A184E423DBC52800A464DD /* ListViewCell.swift */; };
		34A184E723DBC52800A464DD /* ListViewCell.xib in Resources */ = {isa = PBXBuildFile; fileRef = 34A184E523DBC52800A464DD /* ListViewCell.xib */; };
		34A184EA23DBDCE800A464DD /* DetailViewController.swift in Sources */ = {isa = PBXBuildFile; fileRef = 34A184E923DBDCE800A464DD /* DetailViewController.swift */; };
		34A184EC23DBDD0E00A464DD /* DetailViewModel.swift in Sources */ = {isa = PBXBuildFile; fileRef = 34A184EB23DBDD0E00A464DD /* DetailViewModel.swift */; };
		34A184EE23DBDD1700A464DD /* DetailView.swift in Sources */ = {isa = PBXBuildFile; fileRef = 34A184ED23DBDD1700A464DD /* DetailView.swift */; };
		34A184F023DBDD1F00A464DD /* DetailView.xib in Resources */ = {isa = PBXBuildFile; fileRef = 34A184EF23DBDD1F00A464DD /* DetailView.xib */; };
		34A184F323DBEDC600A464DD /* DetailViewTableViewCell.swift in Sources */ = {isa = PBXBuildFile; fileRef = 34A184F123DBEDC600A464DD /* DetailViewTableViewCell.swift */; };
		34A184F423DBEDC600A464DD /* DetailViewTableViewCell.xib in Resources */ = {isa = PBXBuildFile; fileRef = 34A184F223DBEDC600A464DD /* DetailViewTableViewCell.xib */; };
		34A184F723DCECC600A464DD /* UIColorExtension.swift in Sources */ = {isa = PBXBuildFile; fileRef = 34A184F623DCECC600A464DD /* UIColorExtension.swift */; };
		34A184FD23DD200200A464DD /* StringExtension.swift in Sources */ = {isa = PBXBuildFile; fileRef = 34A184FC23DD200200A464DD /* StringExtension.swift */; };
		34A184FF23DD21F200A464DD /* LoginUnitTests.swift in Sources */ = {isa = PBXBuildFile; fileRef = 34A184FE23DD21F200A464DD /* LoginUnitTests.swift */; };
		34A1850123DD3B2300A464DD /* ListUnitTests.swift in Sources */ = {isa = PBXBuildFile; fileRef = 34A1850023DD3B2300A464DD /* ListUnitTests.swift */; };
		34A1851323DE494600A464DD /* RealmSwift in Frameworks */ = {isa = PBXBuildFile; productRef = 34A1851223DE494600A464DD /* RealmSwift */; };
		34A1851523DE494600A464DD /* Realm in Frameworks */ = {isa = PBXBuildFile; productRef = 34A1851423DE494600A464DD /* Realm */; };
		34A1851723DE49F900A464DD /* ItemsPlaylistEntity.swift in Sources */ = {isa = PBXBuildFile; fileRef = 34A1851623DE49F900A464DD /* ItemsPlaylistEntity.swift */; };
		34A1851B23DE4E8900A464DD /* PlaylistsEntity.swift in Sources */ = {isa = PBXBuildFile; fileRef = 34A1851A23DE4E8900A464DD /* PlaylistsEntity.swift */; };
		34A1851D23DE507200A464DD /* VideoEntity.swift in Sources */ = {isa = PBXBuildFile; fileRef = 34A1851C23DE507200A464DD /* VideoEntity.swift */; };
		34A1851F23DE512200A464DD /* ItemsVideoEntity.swift in Sources */ = {isa = PBXBuildFile; fileRef = 34A1851E23DE512200A464DD /* ItemsVideoEntity.swift */; };
		34A1852123DE534F00A464DD /* Database.swift in Sources */ = {isa = PBXBuildFile; fileRef = 34A1852023DE534F00A464DD /* Database.swift */; };
		34A1852523DE962000A464DD /* DetailUnitTests.swift in Sources */ = {isa = PBXBuildFile; fileRef = 34A1852423DE962000A464DD /* DetailUnitTests.swift */; };
		8F8ACB40C75624216197C584 /* Pods_iOS_AssignementTests.framework in Frameworks */ = {isa = PBXBuildFile; fileRef = 34B69055EB52E348D89C95A5 /* Pods_iOS_AssignementTests.framework */; };
		C814DF64DB818DE1CB40ABA8 /* Pods_iOS_Assignement.framework in Frameworks */ = {isa = PBXBuildFile; fileRef = 3DA9862B6E1D7EE2728D8408 /* Pods_iOS_Assignement.framework */; };
/* End PBXBuildFile section */

/* Begin PBXContainerItemProxy section */
		3491643723DA5D8D00930411 /* PBXContainerItemProxy */ = {
			isa = PBXContainerItemProxy;
			containerPortal = 3491641823DA5D8C00930411 /* Project object */;
			proxyType = 1;
			remoteGlobalIDString = 3491641F23DA5D8C00930411;
			remoteInfo = "iOS-Assignement";
		};
/* End PBXContainerItemProxy section */

/* Begin PBXFileReference section */
		3491642023DA5D8C00930411 /* iOS-Assignement.app */ = {isa = PBXFileReference; explicitFileType = wrapper.application; includeInIndex = 0; path = "iOS-Assignement.app"; sourceTree = BUILT_PRODUCTS_DIR; };
		3491642323DA5D8C00930411 /* AppDelegate.swift */ = {isa = PBXFileReference; lastKnownFileType = sourcecode.swift; path = AppDelegate.swift; sourceTree = "<group>"; };
		3491642A23DA5D8C00930411 /* Base */ = {isa = PBXFileReference; lastKnownFileType = file.storyboard; name = Base; path = Base.lproj/Main.storyboard; sourceTree = "<group>"; };
		3491642C23DA5D8C00930411 /* Assets.xcassets */ = {isa = PBXFileReference; lastKnownFileType = folder.assetcatalog; path = Assets.xcassets; sourceTree = "<group>"; };
		3491642F23DA5D8C00930411 /* Base */ = {isa = PBXFileReference; lastKnownFileType = file.storyboard; name = Base; path = Base.lproj/LaunchScreen.storyboard; sourceTree = "<group>"; };
		3491643123DA5D8C00930411 /* Info.plist */ = {isa = PBXFileReference; lastKnownFileType = text.plist.xml; path = Info.plist; sourceTree = "<group>"; };
		3491643623DA5D8D00930411 /* iOS-AssignementTests.xctest */ = {isa = PBXFileReference; explicitFileType = wrapper.cfbundle; includeInIndex = 0; path = "iOS-AssignementTests.xctest"; sourceTree = BUILT_PRODUCTS_DIR; };
		3491643C23DA5D8D00930411 /* Info.plist */ = {isa = PBXFileReference; lastKnownFileType = text.plist.xml; path = Info.plist; sourceTree = "<group>"; };
		3491644F23DA5F8000930411 /* LocalAuthentication.framework */ = {isa = PBXFileReference; lastKnownFileType = wrapper.framework; name = LocalAuthentication.framework; path = System/Library/Frameworks/LocalAuthentication.framework; sourceTree = SDKROOT; };
		3491645123DA5F8600930411 /* SafariServices.framework */ = {isa = PBXFileReference; lastKnownFileType = wrapper.framework; name = SafariServices.framework; path = System/Library/Frameworks/SafariServices.framework; sourceTree = SDKROOT; };
		3491645323DA5F8D00930411 /* AuthenticationServices.framework */ = {isa = PBXFileReference; lastKnownFileType = wrapper.framework; name = AuthenticationServices.framework; path = System/Library/Frameworks/AuthenticationServices.framework; sourceTree = SDKROOT; };
		3491645523DA5F9500930411 /* SystemConfiguration.framework */ = {isa = PBXFileReference; lastKnownFileType = wrapper.framework; name = SystemConfiguration.framework; path = System/Library/Frameworks/SystemConfiguration.framework; sourceTree = SDKROOT; };
		3491645C23DA645500930411 /* GoogleSignIn.framework */ = {isa = PBXFileReference; lastKnownFileType = wrapper.framework; name = GoogleSignIn.framework; path = "iOS-Assignement/GoogleSignIn.framework"; sourceTree = "<group>"; };
		3491646023DA646100930411 /* GoogleSignInDependencies.framework */ = {isa = PBXFileReference; lastKnownFileType = wrapper.framework; name = GoogleSignInDependencies.framework; path = "iOS-Assignement/GoogleSignInDependencies.framework"; sourceTree = "<group>"; };
		3491646323DA66DF00930411 /* BaseViewController.swift */ = {isa = PBXFileReference; lastKnownFileType = sourcecode.swift; path = BaseViewController.swift; sourceTree = "<group>"; };
		3491646623DA695100930411 /* LoginView.swift */ = {isa = PBXFileReference; lastKnownFileType = sourcecode.swift; path = LoginView.swift; sourceTree = "<group>"; };
		3491646823DA695A00930411 /* LoginViewController.swift */ = {isa = PBXFileReference; lastKnownFileType = sourcecode.swift; path = LoginViewController.swift; sourceTree = "<group>"; };
		3491646A23DA696800930411 /* LoginViewModel.swift */ = {isa = PBXFileReference; lastKnownFileType = sourcecode.swift; path = LoginViewModel.swift; sourceTree = "<group>"; };
		3491646D23DA698F00930411 /* NibView.swift */ = {isa = PBXFileReference; lastKnownFileType = sourcecode.swift; path = NibView.swift; sourceTree = "<group>"; };
		3491647123DA756B00930411 /* NetworkManager.swift */ = {isa = PBXFileReference; lastKnownFileType = sourcecode.swift; path = NetworkManager.swift; sourceTree = "<group>"; };
		3491647423DA758E00930411 /* RepositoryManager.swift */ = {isa = PBXFileReference; lastKnownFileType = sourcecode.swift; path = RepositoryManager.swift; sourceTree = "<group>"; };
		3491647D23DA7FB600930411 /* NetworkError.swift */ = {isa = PBXFileReference; lastKnownFileType = sourcecode.swift; path = NetworkError.swift; sourceTree = "<group>"; };
		3491648023DA811D00930411 /* URLSessionExtension.swift */ = {isa = PBXFileReference; lastKnownFileType = sourcecode.swift; path = URLSessionExtension.swift; sourceTree = "<group>"; };
		3491648423DA88B300930411 /* LoginView.xib */ = {isa = PBXFileReference; lastKnownFileType = file.xib; path = LoginView.xib; sourceTree = "<group>"; };
		34A184CB23DBB56B00A464DD /* NetworkAPI.swift */ = {isa = PBXFileReference; lastKnownFileType = sourcecode.swift; path = NetworkAPI.swift; sourceTree = "<group>"; };
		34A184CD23DBB78100A464DD /* Items.swift */ = {isa = PBXFileReference; lastKnownFileType = sourcecode.swift; path = Items.swift; sourceTree = "<group>"; };
		34A184CF23DBB83B00A464DD /* ContentDetails.swift */ = {isa = PBXFileReference; lastKnownFileType = sourcecode.swift; path = ContentDetails.swift; sourceTree = "<group>"; };
		34A184D123DBB86400A464DD /* Snippet.swift */ = {isa = PBXFileReference; lastKnownFileType = sourcecode.swift; path = Snippet.swift; sourceTree = "<group>"; };
		34A184D323DBB8AB00A464DD /* Thumbnails.swift */ = {isa = PBXFileReference; lastKnownFileType = sourcecode.swift; path = Thumbnails.swift; sourceTree = "<group>"; };
		34A184D523DBBC6200A464DD /* ListViewController.swift */ = {isa = PBXFileReference; lastKnownFileType = sourcecode.swift; path = ListViewController.swift; sourceTree = "<group>"; };
		34A184D723DBBC6C00A464DD /* ListViewModel.swift */ = {isa = PBXFileReference; lastKnownFileType = sourcecode.swift; path = ListViewModel.swift; sourceTree = "<group>"; };
		34A184D923DBBC7400A464DD /* ListView.swift */ = {isa = PBXFileReference; lastKnownFileType = sourcecode.swift; path = ListView.swift; sourceTree = "<group>"; };
		34A184DB23DBBC8000A464DD /* ListView.xib */ = {isa = PBXFileReference; lastKnownFileType = file.xib; path = ListView.xib; sourceTree = "<group>"; };
		34A184E423DBC52800A464DD /* ListViewCell.swift */ = {isa = PBXFileReference; lastKnownFileType = sourcecode.swift; path = ListViewCell.swift; sourceTree = "<group>"; };
		34A184E523DBC52800A464DD /* ListViewCell.xib */ = {isa = PBXFileReference; lastKnownFileType = file.xib; path = ListViewCell.xib; sourceTree = "<group>"; };
		34A184E923DBDCE800A464DD /* DetailViewController.swift */ = {isa = PBXFileReference; lastKnownFileType = sourcecode.swift; path = DetailViewController.swift; sourceTree = "<group>"; };
		34A184EB23DBDD0E00A464DD /* DetailViewModel.swift */ = {isa = PBXFileReference; lastKnownFileType = sourcecode.swift; path = DetailViewModel.swift; sourceTree = "<group>"; };
		34A184ED23DBDD1700A464DD /* DetailView.swift */ = {isa = PBXFileReference; lastKnownFileType = sourcecode.swift; path = DetailView.swift; sourceTree = "<group>"; };
		34A184EF23DBDD1F00A464DD /* DetailView.xib */ = {isa = PBXFileReference; lastKnownFileType = file.xib; path = DetailView.xib; sourceTree = "<group>"; };
		34A184F123DBEDC600A464DD /* DetailViewTableViewCell.swift */ = {isa = PBXFileReference; lastKnownFileType = sourcecode.swift; path = DetailViewTableViewCell.swift; sourceTree = "<group>"; };
		34A184F223DBEDC600A464DD /* DetailViewTableViewCell.xib */ = {isa = PBXFileReference; lastKnownFileType = file.xib; path = DetailViewTableViewCell.xib; sourceTree = "<group>"; };
		34A184F623DCECC600A464DD /* UIColorExtension.swift */ = {isa = PBXFileReference; lastKnownFileType = sourcecode.swift; path = UIColorExtension.swift; sourceTree = "<group>"; };
		34A184FC23DD200200A464DD /* StringExtension.swift */ = {isa = PBXFileReference; lastKnownFileType = sourcecode.swift; path = StringExtension.swift; sourceTree = "<group>"; };
		34A184FE23DD21F200A464DD /* LoginUnitTests.swift */ = {isa = PBXFileReference; lastKnownFileType = sourcecode.swift; path = LoginUnitTests.swift; sourceTree = "<group>"; };
		34A1850023DD3B2300A464DD /* ListUnitTests.swift */ = {isa = PBXFileReference; lastKnownFileType = sourcecode.swift; path = ListUnitTests.swift; sourceTree = "<group>"; };
		34A1851623DE49F900A464DD /* ItemsPlaylistEntity.swift */ = {isa = PBXFileReference; lastKnownFileType = sourcecode.swift; path = ItemsPlaylistEntity.swift; sourceTree = "<group>"; };
		34A1851A23DE4E8900A464DD /* PlaylistsEntity.swift */ = {isa = PBXFileReference; lastKnownFileType = sourcecode.swift; path = PlaylistsEntity.swift; sourceTree = "<group>"; };
		34A1851C23DE507200A464DD /* VideoEntity.swift */ = {isa = PBXFileReference; lastKnownFileType = sourcecode.swift; path = VideoEntity.swift; sourceTree = "<group>"; };
		34A1851E23DE512200A464DD /* ItemsVideoEntity.swift */ = {isa = PBXFileReference; lastKnownFileType = sourcecode.swift; path = ItemsVideoEntity.swift; sourceTree = "<group>"; };
		34A1852023DE534F00A464DD /* Database.swift */ = {isa = PBXFileReference; lastKnownFileType = sourcecode.swift; path = Database.swift; sourceTree = "<group>"; };
		34A1852423DE962000A464DD /* DetailUnitTests.swift */ = {isa = PBXFileReference; lastKnownFileType = sourcecode.swift; path = DetailUnitTests.swift; sourceTree = "<group>"; };
		34B69055EB52E348D89C95A5 /* Pods_iOS_AssignementTests.framework */ = {isa = PBXFileReference; explicitFileType = wrapper.framework; includeInIndex = 0; path = Pods_iOS_AssignementTests.framework; sourceTree = BUILT_PRODUCTS_DIR; };
		3DA9862B6E1D7EE2728D8408 /* Pods_iOS_Assignement.framework */ = {isa = PBXFileReference; explicitFileType = wrapper.framework; includeInIndex = 0; path = Pods_iOS_Assignement.framework; sourceTree = BUILT_PRODUCTS_DIR; };
		505E91CB56B1AB53CAE215A9 /* Pods-iOS-Assignement.release.xcconfig */ = {isa = PBXFileReference; includeInIndex = 1; lastKnownFileType = text.xcconfig; name = "Pods-iOS-Assignement.release.xcconfig"; path = "Target Support Files/Pods-iOS-Assignement/Pods-iOS-Assignement.release.xcconfig"; sourceTree = "<group>"; };
		58FA8F7643205054FEC02A2C /* Pods-iOS-AssignementTests.release.xcconfig */ = {isa = PBXFileReference; includeInIndex = 1; lastKnownFileType = text.xcconfig; name = "Pods-iOS-AssignementTests.release.xcconfig"; path = "Target Support Files/Pods-iOS-AssignementTests/Pods-iOS-AssignementTests.release.xcconfig"; sourceTree = "<group>"; };
		646C939505851A50B7837FF7 /* Pods-iOS-AssignementTests.debug.xcconfig */ = {isa = PBXFileReference; includeInIndex = 1; lastKnownFileType = text.xcconfig; name = "Pods-iOS-AssignementTests.debug.xcconfig"; path = "Target Support Files/Pods-iOS-AssignementTests/Pods-iOS-AssignementTests.debug.xcconfig"; sourceTree = "<group>"; };
		FD63EB5AF0B65EEA25C2EECE /* Pods-iOS-Assignement.debug.xcconfig */ = {isa = PBXFileReference; includeInIndex = 1; lastKnownFileType = text.xcconfig; name = "Pods-iOS-Assignement.debug.xcconfig"; path = "Target Support Files/Pods-iOS-Assignement/Pods-iOS-Assignement.debug.xcconfig"; sourceTree = "<group>"; };
/* End PBXFileReference section */

/* Begin PBXFrameworksBuildPhase section */
		3491641D23DA5D8C00930411 /* Frameworks */ = {
			isa = PBXFrameworksBuildPhase;
			buildActionMask = 2147483647;
			files = (
				3491645423DA5F8D00930411 /* AuthenticationServices.framework in Frameworks */,
				3491645623DA5F9500930411 /* SystemConfiguration.framework in Frameworks */,
				34A1851323DE494600A464DD /* RealmSwift in Frameworks */,
				3491645023DA5F8000930411 /* LocalAuthentication.framework in Frameworks */,
				3491645223DA5F8600930411 /* SafariServices.framework in Frameworks */,
				34A1851523DE494600A464DD /* Realm in Frameworks */,
				C814DF64DB818DE1CB40ABA8 /* Pods_iOS_Assignement.framework in Frameworks */,
			);
			runOnlyForDeploymentPostprocessing = 0;
		};
		3491643323DA5D8D00930411 /* Frameworks */ = {
			isa = PBXFrameworksBuildPhase;
			buildActionMask = 2147483647;
			files = (
				8F8ACB40C75624216197C584 /* Pods_iOS_AssignementTests.framework in Frameworks */,
			);
			runOnlyForDeploymentPostprocessing = 0;
		};
/* End PBXFrameworksBuildPhase section */

/* Begin PBXGroup section */
		12772BD71C15CA9C3A295D30 /* Pods */ = {
			isa = PBXGroup;
			children = (
				FD63EB5AF0B65EEA25C2EECE /* Pods-iOS-Assignement.debug.xcconfig */,
				505E91CB56B1AB53CAE215A9 /* Pods-iOS-Assignement.release.xcconfig */,
				646C939505851A50B7837FF7 /* Pods-iOS-AssignementTests.debug.xcconfig */,
				58FA8F7643205054FEC02A2C /* Pods-iOS-AssignementTests.release.xcconfig */,
			);
			path = Pods;
			sourceTree = "<group>";
		};
		3491641723DA5D8C00930411 = {
			isa = PBXGroup;
			children = (
				3491642223DA5D8C00930411 /* iOS-Assignement */,
				3491643923DA5D8D00930411 /* iOS-AssignementTests */,
				3491642123DA5D8C00930411 /* Products */,
				3491644E23DA5F7F00930411 /* Frameworks */,
				12772BD71C15CA9C3A295D30 /* Pods */,
			);
			sourceTree = "<group>";
		};
		3491642123DA5D8C00930411 /* Products */ = {
			isa = PBXGroup;
			children = (
				3491642023DA5D8C00930411 /* iOS-Assignement.app */,
				3491643623DA5D8D00930411 /* iOS-AssignementTests.xctest */,
			);
			name = Products;
			sourceTree = "<group>";
		};
		3491642223DA5D8C00930411 /* iOS-Assignement */ = {
			isa = PBXGroup;
			children = (
				3491647F23DA810D00930411 /* Extensions */,
				3491644623DA5DC900930411 /* Repository */,
				3491644823DA5DDC00930411 /* Screens */,
				3491642323DA5D8C00930411 /* AppDelegate.swift */,
				3491642923DA5D8C00930411 /* Main.storyboard */,
				3491642C23DA5D8C00930411 /* Assets.xcassets */,
				3491642E23DA5D8C00930411 /* LaunchScreen.storyboard */,
				3491643123DA5D8C00930411 /* Info.plist */,
			);
			path = "iOS-Assignement";
			sourceTree = "<group>";
		};
		3491643923DA5D8D00930411 /* iOS-AssignementTests */ = {
			isa = PBXGroup;
			children = (
				34A184FE23DD21F200A464DD /* LoginUnitTests.swift */,
				34A1850023DD3B2300A464DD /* ListUnitTests.swift */,
				34A1852423DE962000A464DD /* DetailUnitTests.swift */,
				3491643C23DA5D8D00930411 /* Info.plist */,
			);
			path = "iOS-AssignementTests";
			sourceTree = "<group>";
		};
		3491644623DA5DC900930411 /* Repository */ = {
			isa = PBXGroup;
			children = (
				34A1850223DDF4A200A464DD /* Local */,
				34A184CA23DBB55A00A464DD /* Services */,
				3491647323DA758000930411 /* Network */,
				3491644723DA5DD200930411 /* Entity */,
			);
			path = Repository;
			sourceTree = "<group>";
		};
		3491644723DA5DD200930411 /* Entity */ = {
			isa = PBXGroup;
			children = (
				34A184CD23DBB78100A464DD /* Items.swift */,
				34A184CF23DBB83B00A464DD /* ContentDetails.swift */,
				34A184D123DBB86400A464DD /* Snippet.swift */,
				34A184D323DBB8AB00A464DD /* Thumbnails.swift */,
			);
			path = Entity;
			sourceTree = "<group>";
		};
		3491644823DA5DDC00930411 /* Screens */ = {
			isa = PBXGroup;
			children = (
				3491646C23DA698100930411 /* Base */,
				3491646523DA692600930411 /* Login */,
				3491646F23DA69AE00930411 /* List */,
				3491647023DA69CA00930411 /* Detail */,
			);
			path = Screens;
			sourceTree = "<group>";
		};
		3491644E23DA5F7F00930411 /* Frameworks */ = {
			isa = PBXGroup;
			children = (
				3491646023DA646100930411 /* GoogleSignInDependencies.framework */,
				3491645C23DA645500930411 /* GoogleSignIn.framework */,
				3491645523DA5F9500930411 /* SystemConfiguration.framework */,
				3491645323DA5F8D00930411 /* AuthenticationServices.framework */,
				3491645123DA5F8600930411 /* SafariServices.framework */,
				3491644F23DA5F8000930411 /* LocalAuthentication.framework */,
				3DA9862B6E1D7EE2728D8408 /* Pods_iOS_Assignement.framework */,
				34B69055EB52E348D89C95A5 /* Pods_iOS_AssignementTests.framework */,
			);
			name = Frameworks;
			sourceTree = "<group>";
		};
		3491646523DA692600930411 /* Login */ = {
			isa = PBXGroup;
			children = (
				3491648423DA88B300930411 /* LoginView.xib */,
				3491646623DA695100930411 /* LoginView.swift */,
				3491646823DA695A00930411 /* LoginViewController.swift */,
				3491646A23DA696800930411 /* LoginViewModel.swift */,
			);
			path = Login;
			sourceTree = "<group>";
		};
		3491646C23DA698100930411 /* Base */ = {
			isa = PBXGroup;
			children = (
				3491646323DA66DF00930411 /* BaseViewController.swift */,
				3491646D23DA698F00930411 /* NibView.swift */,
			);
			path = Base;
			sourceTree = "<group>";
		};
		3491646F23DA69AE00930411 /* List */ = {
			isa = PBXGroup;
			children = (
				34A184E823DBD87E00A464DD /* ListViewCell */,
				34A184DB23DBBC8000A464DD /* ListView.xib */,
				34A184D923DBBC7400A464DD /* ListView.swift */,
				34A184D523DBBC6200A464DD /* ListViewController.swift */,
				34A184D723DBBC6C00A464DD /* ListViewModel.swift */,
			);
			path = List;
			sourceTree = "<group>";
		};
		3491647023DA69CA00930411 /* Detail */ = {
			isa = PBXGroup;
			children = (
				34A184F523DBEDCB00A464DD /* DetailViewCell */,
				34A184EF23DBDD1F00A464DD /* DetailView.xib */,
				34A184ED23DBDD1700A464DD /* DetailView.swift */,
				34A184E923DBDCE800A464DD /* DetailViewController.swift */,
				34A184EB23DBDD0E00A464DD /* DetailViewModel.swift */,
			);
			path = Detail;
			sourceTree = "<group>";
		};
		3491647323DA758000930411 /* Network */ = {
			isa = PBXGroup;
			children = (
				3491647123DA756B00930411 /* NetworkManager.swift */,
				3491647D23DA7FB600930411 /* NetworkError.swift */,
				3491647423DA758E00930411 /* RepositoryManager.swift */,
			);
			path = Network;
			sourceTree = "<group>";
		};
		3491647F23DA810D00930411 /* Extensions */ = {
			isa = PBXGroup;
			children = (
				3491648023DA811D00930411 /* URLSessionExtension.swift */,
				34A184F623DCECC600A464DD /* UIColorExtension.swift */,
				34A184FC23DD200200A464DD /* StringExtension.swift */,
			);
			path = Extensions;
			sourceTree = "<group>";
		};
		34A184CA23DBB55A00A464DD /* Services */ = {
			isa = PBXGroup;
			children = (
				34A184CB23DBB56B00A464DD /* NetworkAPI.swift */,
			);
			path = Services;
			sourceTree = "<group>";
		};
		34A184E823DBD87E00A464DD /* ListViewCell */ = {
			isa = PBXGroup;
			children = (
				34A184E423DBC52800A464DD /* ListViewCell.swift */,
				34A184E523DBC52800A464DD /* ListViewCell.xib */,
			);
			path = ListViewCell;
			sourceTree = "<group>";
		};
		34A184F523DBEDCB00A464DD /* DetailViewCell */ = {
			isa = PBXGroup;
			children = (
				34A184F123DBEDC600A464DD /* DetailViewTableViewCell.swift */,
				34A184F223DBEDC600A464DD /* DetailViewTableViewCell.xib */,
			);
			path = DetailViewCell;
			sourceTree = "<group>";
		};
		34A1850223DDF4A200A464DD /* Local */ = {
			isa = PBXGroup;
			children = (
				34A1852023DE534F00A464DD /* Database.swift */,
				34A1850C23DDF74800A464DD /* Entity */,
			);
			path = Local;
			sourceTree = "<group>";
		};
		34A1850C23DDF74800A464DD /* Entity */ = {
			isa = PBXGroup;
			children = (
				34A1851623DE49F900A464DD /* ItemsPlaylistEntity.swift */,
				34A1851E23DE512200A464DD /* ItemsVideoEntity.swift */,
				34A1851A23DE4E8900A464DD /* PlaylistsEntity.swift */,
				34A1851C23DE507200A464DD /* VideoEntity.swift */,
			);
			path = Entity;
			sourceTree = "<group>";
		};
/* End PBXGroup section */

/* Begin PBXNativeTarget section */
		3491641F23DA5D8C00930411 /* iOS-Assignement */ = {
			isa = PBXNativeTarget;
			buildConfigurationList = 3491643F23DA5D8D00930411 /* Build configuration list for PBXNativeTarget "iOS-Assignement" */;
			buildPhases = (
				A4690263A820FBA7B49B5553 /* [CP] Check Pods Manifest.lock */,
				3491641C23DA5D8C00930411 /* Sources */,
				3491641D23DA5D8C00930411 /* Frameworks */,
				3491641E23DA5D8C00930411 /* Resources */,
				4B04FD641DA35EA59DFB3CB0 /* [CP] Embed Pods Frameworks */,
				87CAC4121DF8F32734432950 /* [CP] Copy Pods Resources */,
			);
			buildRules = (
			);
			dependencies = (
			);
			name = "iOS-Assignement";
			packageProductDependencies = (
				34A1851223DE494600A464DD /* RealmSwift */,
				34A1851423DE494600A464DD /* Realm */,
			);
			productName = "iOS-Assignement";
			productReference = 3491642023DA5D8C00930411 /* iOS-Assignement.app */;
			productType = "com.apple.product-type.application";
		};
		3491643523DA5D8D00930411 /* iOS-AssignementTests */ = {
			isa = PBXNativeTarget;
			buildConfigurationList = 3491644223DA5D8D00930411 /* Build configuration list for PBXNativeTarget "iOS-AssignementTests" */;
			buildPhases = (
				B3203BD15877EFCFDC31811F /* [CP] Check Pods Manifest.lock */,
				3491643223DA5D8D00930411 /* Sources */,
				3491643323DA5D8D00930411 /* Frameworks */,
				3491643423DA5D8D00930411 /* Resources */,
			);
			buildRules = (
			);
			dependencies = (
				3491643823DA5D8D00930411 /* PBXTargetDependency */,
			);
			name = "iOS-AssignementTests";
			packageProductDependencies = (
			);
			productName = "iOS-AssignementTests";
			productReference = 3491643623DA5D8D00930411 /* iOS-AssignementTests.xctest */;
			productType = "com.apple.product-type.bundle.unit-test";
		};
/* End PBXNativeTarget section */

/* Begin PBXProject section */
		3491641823DA5D8C00930411 /* Project object */ = {
			isa = PBXProject;
			attributes = {
				LastSwiftUpdateCheck = 1130;
				LastUpgradeCheck = 1130;
				ORGANIZATIONNAME = "Jérémie Boisjoli";
				TargetAttributes = {
					3491641F23DA5D8C00930411 = {
						CreatedOnToolsVersion = 11.3.1;
					};
					3491643523DA5D8D00930411 = {
						CreatedOnToolsVersion = 11.3.1;
						TestTargetID = 3491641F23DA5D8C00930411;
					};
				};
			};
			buildConfigurationList = 3491641B23DA5D8C00930411 /* Build configuration list for PBXProject "iOS-Assignement" */;
			compatibilityVersion = "Xcode 9.3";
			developmentRegion = en;
			hasScannedForEncodings = 0;
			knownRegions = (
				en,
				Base,
			);
			mainGroup = 3491641723DA5D8C00930411;
			packageReferences = (
				34A1851123DE494600A464DD /* XCRemoteSwiftPackageReference "realm-cocoa" */,
			);
			productRefGroup = 3491642123DA5D8C00930411 /* Products */;
			projectDirPath = "";
			projectRoot = "";
			targets = (
				3491641F23DA5D8C00930411 /* iOS-Assignement */,
				3491643523DA5D8D00930411 /* iOS-AssignementTests */,
			);
		};
/* End PBXProject section */

/* Begin PBXResourcesBuildPhase section */
		3491641E23DA5D8C00930411 /* Resources */ = {
			isa = PBXResourcesBuildPhase;
			buildActionMask = 2147483647;
			files = (
				3491643023DA5D8C00930411 /* LaunchScreen.storyboard in Resources */,
				3491642D23DA5D8C00930411 /* Assets.xcassets in Resources */,
				34A184E723DBC52800A464DD /* ListViewCell.xib in Resources */,
				3491648523DA88B300930411 /* LoginView.xib in Resources */,
				3491642B23DA5D8C00930411 /* Main.storyboard in Resources */,
				34A184F423DBEDC600A464DD /* DetailViewTableViewCell.xib in Resources */,
				34A184DC23DBBC8000A464DD /* ListView.xib in Resources */,
				34A184F023DBDD1F00A464DD /* DetailView.xib in Resources */,
			);
			runOnlyForDeploymentPostprocessing = 0;
		};
		3491643423DA5D8D00930411 /* Resources */ = {
			isa = PBXResourcesBuildPhase;
			buildActionMask = 2147483647;
			files = (
			);
			runOnlyForDeploymentPostprocessing = 0;
		};
/* End PBXResourcesBuildPhase section */

/* Begin PBXShellScriptBuildPhase section */
		4B04FD641DA35EA59DFB3CB0 /* [CP] Embed Pods Frameworks */ = {
			isa = PBXShellScriptBuildPhase;
			buildActionMask = 2147483647;
			files = (
			);
			inputFileListPaths = (
				"${PODS_ROOT}/Target Support Files/Pods-iOS-Assignement/Pods-iOS-Assignement-frameworks-${CONFIGURATION}-input-files.xcfilelist",
			);
			name = "[CP] Embed Pods Frameworks";
			outputFileListPaths = (
				"${PODS_ROOT}/Target Support Files/Pods-iOS-Assignement/Pods-iOS-Assignement-frameworks-${CONFIGURATION}-output-files.xcfilelist",
			);
			runOnlyForDeploymentPostprocessing = 0;
			shellPath = /bin/sh;
			shellScript = "\"${PODS_ROOT}/Target Support Files/Pods-iOS-Assignement/Pods-iOS-Assignement-frameworks.sh\"\n";
			showEnvVarsInLog = 0;
		};
		87CAC4121DF8F32734432950 /* [CP] Copy Pods Resources */ = {
			isa = PBXShellScriptBuildPhase;
			buildActionMask = 2147483647;
			files = (
			);
			inputFileListPaths = (
				"${PODS_ROOT}/Target Support Files/Pods-iOS-Assignement/Pods-iOS-Assignement-resources-${CONFIGURATION}-input-files.xcfilelist",
			);
			name = "[CP] Copy Pods Resources";
			outputFileListPaths = (
				"${PODS_ROOT}/Target Support Files/Pods-iOS-Assignement/Pods-iOS-Assignement-resources-${CONFIGURATION}-output-files.xcfilelist",
			);
			runOnlyForDeploymentPostprocessing = 0;
			shellPath = /bin/sh;
			shellScript = "\"${PODS_ROOT}/Target Support Files/Pods-iOS-Assignement/Pods-iOS-Assignement-resources.sh\"\n";
			showEnvVarsInLog = 0;
		};
		A4690263A820FBA7B49B5553 /* [CP] Check Pods Manifest.lock */ = {
			isa = PBXShellScriptBuildPhase;
			buildActionMask = 2147483647;
			files = (
			);
			inputFileListPaths = (
			);
			inputPaths = (
				"${PODS_PODFILE_DIR_PATH}/Podfile.lock",
				"${PODS_ROOT}/Manifest.lock",
			);
			name = "[CP] Check Pods Manifest.lock";
			outputFileListPaths = (
			);
			outputPaths = (
				"$(DERIVED_FILE_DIR)/Pods-iOS-Assignement-checkManifestLockResult.txt",
			);
			runOnlyForDeploymentPostprocessing = 0;
			shellPath = /bin/sh;
			shellScript = "diff \"${PODS_PODFILE_DIR_PATH}/Podfile.lock\" \"${PODS_ROOT}/Manifest.lock\" > /dev/null\nif [ $? != 0 ] ; then\n    # print error to STDERR\n    echo \"error: The sandbox is not in sync with the Podfile.lock. Run 'pod install' or update your CocoaPods installation.\" >&2\n    exit 1\nfi\n# This output is used by Xcode 'outputs' to avoid re-running this script phase.\necho \"SUCCESS\" > \"${SCRIPT_OUTPUT_FILE_0}\"\n";
			showEnvVarsInLog = 0;
		};
		B3203BD15877EFCFDC31811F /* [CP] Check Pods Manifest.lock */ = {
			isa = PBXShellScriptBuildPhase;
			buildActionMask = 2147483647;
			files = (
			);
			inputFileListPaths = (
			);
			inputPaths = (
				"${PODS_PODFILE_DIR_PATH}/Podfile.lock",
				"${PODS_ROOT}/Manifest.lock",
			);
			name = "[CP] Check Pods Manifest.lock";
			outputFileListPaths = (
			);
			outputPaths = (
				"$(DERIVED_FILE_DIR)/Pods-iOS-AssignementTests-checkManifestLockResult.txt",
			);
			runOnlyForDeploymentPostprocessing = 0;
			shellPath = /bin/sh;
			shellScript = "diff \"${PODS_PODFILE_DIR_PATH}/Podfile.lock\" \"${PODS_ROOT}/Manifest.lock\" > /dev/null\nif [ $? != 0 ] ; then\n    # print error to STDERR\n    echo \"error: The sandbox is not in sync with the Podfile.lock. Run 'pod install' or update your CocoaPods installation.\" >&2\n    exit 1\nfi\n# This output is used by Xcode 'outputs' to avoid re-running this script phase.\necho \"SUCCESS\" > \"${SCRIPT_OUTPUT_FILE_0}\"\n";
			showEnvVarsInLog = 0;
		};
/* End PBXShellScriptBuildPhase section */

/* Begin PBXSourcesBuildPhase section */
		3491641C23DA5D8C00930411 /* Sources */ = {
			isa = PBXSourcesBuildPhase;
			buildActionMask = 2147483647;
			files = (
				34A1851D23DE507200A464DD /* VideoEntity.swift in Sources */,
				34A184D023DBB83B00A464DD /* ContentDetails.swift in Sources */,
				34A184EE23DBDD1700A464DD /* DetailView.swift in Sources */,
				3491647523DA758E00930411 /* RepositoryManager.swift in Sources */,
				34A184D423DBB8AB00A464DD /* Thumbnails.swift in Sources */,
				34A184CC23DBB56B00A464DD /* NetworkAPI.swift in Sources */,
				34A1851B23DE4E8900A464DD /* PlaylistsEntity.swift in Sources */,
				3491646E23DA698F00930411 /* NibView.swift in Sources */,
				3491642423DA5D8C00930411 /* AppDelegate.swift in Sources */,
				3491646B23DA696800930411 /* LoginViewModel.swift in Sources */,
				3491647223DA756B00930411 /* NetworkManager.swift in Sources */,
				34A184F323DBEDC600A464DD /* DetailViewTableViewCell.swift in Sources */,
				3491646723DA695100930411 /* LoginView.swift in Sources */,
				3491646923DA695A00930411 /* LoginViewController.swift in Sources */,
				34A184EC23DBDD0E00A464DD /* DetailViewModel.swift in Sources */,
				34A184EA23DBDCE800A464DD /* DetailViewController.swift in Sources */,
				34A184CE23DBB78100A464DD /* Items.swift in Sources */,
				34A184DA23DBBC7400A464DD /* ListView.swift in Sources */,
				34A184E623DBC52800A464DD /* ListViewCell.swift in Sources */,
				34A1851F23DE512200A464DD /* ItemsVideoEntity.swift in Sources */,
				34A184D223DBB86400A464DD /* Snippet.swift in Sources */,
				34A184F723DCECC600A464DD /* UIColorExtension.swift in Sources */,
				34A1851723DE49F900A464DD /* ItemsPlaylistEntity.swift in Sources */,
				3491648123DA811D00930411 /* URLSessionExtension.swift in Sources */,
				34A184D823DBBC6C00A464DD /* ListViewModel.swift in Sources */,
				34A184D623DBBC6200A464DD /* ListViewController.swift in Sources */,
				34A1852123DE534F00A464DD /* Database.swift in Sources */,
				3491646423DA66DF00930411 /* BaseViewController.swift in Sources */,
				34A184FD23DD200200A464DD /* StringExtension.swift in Sources */,
				3491647E23DA7FB600930411 /* NetworkError.swift in Sources */,
			);
			runOnlyForDeploymentPostprocessing = 0;
		};
		3491643223DA5D8D00930411 /* Sources */ = {
			isa = PBXSourcesBuildPhase;
			buildActionMask = 2147483647;
			files = (
				34A184FF23DD21F200A464DD /* LoginUnitTests.swift in Sources */,
				34A1852523DE962000A464DD /* DetailUnitTests.swift in Sources */,
				34A1850123DD3B2300A464DD /* ListUnitTests.swift in Sources */,
			);
			runOnlyForDeploymentPostprocessing = 0;
		};
/* End PBXSourcesBuildPhase section */

/* Begin PBXTargetDependency section */
		3491643823DA5D8D00930411 /* PBXTargetDependency */ = {
			isa = PBXTargetDependency;
			target = 3491641F23DA5D8C00930411 /* iOS-Assignement */;
			targetProxy = 3491643723DA5D8D00930411 /* PBXContainerItemProxy */;
		};
/* End PBXTargetDependency section */

/* Begin PBXVariantGroup section */
		3491642923DA5D8C00930411 /* Main.storyboard */ = {
			isa = PBXVariantGroup;
			children = (
				3491642A23DA5D8C00930411 /* Base */,
			);
			name = Main.storyboard;
			sourceTree = "<group>";
		};
		3491642E23DA5D8C00930411 /* LaunchScreen.storyboard */ = {
			isa = PBXVariantGroup;
			children = (
				3491642F23DA5D8C00930411 /* Base */,
			);
			name = LaunchScreen.storyboard;
			sourceTree = "<group>";
		};
/* End PBXVariantGroup section */

/* Begin XCBuildConfiguration section */
		3491643D23DA5D8D00930411 /* Debug */ = {
			isa = XCBuildConfiguration;
			buildSettings = {
				ALWAYS_SEARCH_USER_PATHS = NO;
				CLANG_ANALYZER_NONNULL = YES;
				CLANG_ANALYZER_NUMBER_OBJECT_CONVERSION = YES_AGGRESSIVE;
				CLANG_CXX_LANGUAGE_STANDARD = "gnu++14";
				CLANG_CXX_LIBRARY = "libc++";
				CLANG_ENABLE_MODULES = YES;
				CLANG_ENABLE_OBJC_ARC = YES;
				CLANG_ENABLE_OBJC_WEAK = YES;
				CLANG_WARN_BLOCK_CAPTURE_AUTORELEASING = YES;
				CLANG_WARN_BOOL_CONVERSION = YES;
				CLANG_WARN_COMMA = YES;
				CLANG_WARN_CONSTANT_CONVERSION = YES;
				CLANG_WARN_DEPRECATED_OBJC_IMPLEMENTATIONS = YES;
				CLANG_WARN_DIRECT_OBJC_ISA_USAGE = YES_ERROR;
				CLANG_WARN_DOCUMENTATION_COMMENTS = YES;
				CLANG_WARN_EMPTY_BODY = YES;
				CLANG_WARN_ENUM_CONVERSION = YES;
				CLANG_WARN_INFINITE_RECURSION = YES;
				CLANG_WARN_INT_CONVERSION = YES;
				CLANG_WARN_NON_LITERAL_NULL_CONVERSION = YES;
				CLANG_WARN_OBJC_IMPLICIT_RETAIN_SELF = YES;
				CLANG_WARN_OBJC_LITERAL_CONVERSION = YES;
				CLANG_WARN_OBJC_ROOT_CLASS = YES_ERROR;
				CLANG_WARN_RANGE_LOOP_ANALYSIS = YES;
				CLANG_WARN_STRICT_PROTOTYPES = YES;
				CLANG_WARN_SUSPICIOUS_MOVE = YES;
				CLANG_WARN_UNGUARDED_AVAILABILITY = YES_AGGRESSIVE;
				CLANG_WARN_UNREACHABLE_CODE = YES;
				CLANG_WARN__DUPLICATE_METHOD_MATCH = YES;
				COPY_PHASE_STRIP = NO;
				DEBUG_INFORMATION_FORMAT = dwarf;
				ENABLE_STRICT_OBJC_MSGSEND = YES;
				ENABLE_TESTABILITY = YES;
				GCC_C_LANGUAGE_STANDARD = gnu11;
				GCC_DYNAMIC_NO_PIC = NO;
				GCC_NO_COMMON_BLOCKS = YES;
				GCC_OPTIMIZATION_LEVEL = 0;
				GCC_PREPROCESSOR_DEFINITIONS = (
					"DEBUG=1",
					"$(inherited)",
				);
				GCC_WARN_64_TO_32_BIT_CONVERSION = YES;
				GCC_WARN_ABOUT_RETURN_TYPE = YES_ERROR;
				GCC_WARN_UNDECLARED_SELECTOR = YES;
				GCC_WARN_UNINITIALIZED_AUTOS = YES_AGGRESSIVE;
				GCC_WARN_UNUSED_FUNCTION = YES;
				GCC_WARN_UNUSED_VARIABLE = YES;
				IPHONEOS_DEPLOYMENT_TARGET = 13.2;
				MTL_ENABLE_DEBUG_INFO = INCLUDE_SOURCE;
				MTL_FAST_MATH = YES;
				ONLY_ACTIVE_ARCH = YES;
				SDKROOT = iphoneos;
				SWIFT_ACTIVE_COMPILATION_CONDITIONS = DEBUG;
				SWIFT_OPTIMIZATION_LEVEL = "-Onone";
			};
			name = Debug;
		};
		3491643E23DA5D8D00930411 /* Release */ = {
			isa = XCBuildConfiguration;
			buildSettings = {
				ALWAYS_SEARCH_USER_PATHS = NO;
				CLANG_ANALYZER_NONNULL = YES;
				CLANG_ANALYZER_NUMBER_OBJECT_CONVERSION = YES_AGGRESSIVE;
				CLANG_CXX_LANGUAGE_STANDARD = "gnu++14";
				CLANG_CXX_LIBRARY = "libc++";
				CLANG_ENABLE_MODULES = YES;
				CLANG_ENABLE_OBJC_ARC = YES;
				CLANG_ENABLE_OBJC_WEAK = YES;
				CLANG_WARN_BLOCK_CAPTURE_AUTORELEASING = YES;
				CLANG_WARN_BOOL_CONVERSION = YES;
				CLANG_WARN_COMMA = YES;
				CLANG_WARN_CONSTANT_CONVERSION = YES;
				CLANG_WARN_DEPRECATED_OBJC_IMPLEMENTATIONS = YES;
				CLANG_WARN_DIRECT_OBJC_ISA_USAGE = YES_ERROR;
				CLANG_WARN_DOCUMENTATION_COMMENTS = YES;
				CLANG_WARN_EMPTY_BODY = YES;
				CLANG_WARN_ENUM_CONVERSION = YES;
				CLANG_WARN_INFINITE_RECURSION = YES;
				CLANG_WARN_INT_CONVERSION = YES;
				CLANG_WARN_NON_LITERAL_NULL_CONVERSION = YES;
				CLANG_WARN_OBJC_IMPLICIT_RETAIN_SELF = YES;
				CLANG_WARN_OBJC_LITERAL_CONVERSION = YES;
				CLANG_WARN_OBJC_ROOT_CLASS = YES_ERROR;
				CLANG_WARN_RANGE_LOOP_ANALYSIS = YES;
				CLANG_WARN_STRICT_PROTOTYPES = YES;
				CLANG_WARN_SUSPICIOUS_MOVE = YES;
				CLANG_WARN_UNGUARDED_AVAILABILITY = YES_AGGRESSIVE;
				CLANG_WARN_UNREACHABLE_CODE = YES;
				CLANG_WARN__DUPLICATE_METHOD_MATCH = YES;
				COPY_PHASE_STRIP = NO;
				DEBUG_INFORMATION_FORMAT = "dwarf-with-dsym";
				ENABLE_NS_ASSERTIONS = NO;
				ENABLE_STRICT_OBJC_MSGSEND = YES;
				GCC_C_LANGUAGE_STANDARD = gnu11;
				GCC_NO_COMMON_BLOCKS = YES;
				GCC_WARN_64_TO_32_BIT_CONVERSION = YES;
				GCC_WARN_ABOUT_RETURN_TYPE = YES_ERROR;
				GCC_WARN_UNDECLARED_SELECTOR = YES;
				GCC_WARN_UNINITIALIZED_AUTOS = YES_AGGRESSIVE;
				GCC_WARN_UNUSED_FUNCTION = YES;
				GCC_WARN_UNUSED_VARIABLE = YES;
				IPHONEOS_DEPLOYMENT_TARGET = 13.2;
				MTL_ENABLE_DEBUG_INFO = NO;
				MTL_FAST_MATH = YES;
				SDKROOT = iphoneos;
				SWIFT_COMPILATION_MODE = wholemodule;
				SWIFT_OPTIMIZATION_LEVEL = "-O";
				VALIDATE_PRODUCT = YES;
			};
			name = Release;
		};
		3491644023DA5D8D00930411 /* Debug */ = {
			isa = XCBuildConfiguration;
			baseConfigurationReference = FD63EB5AF0B65EEA25C2EECE /* Pods-iOS-Assignement.debug.xcconfig */;
			buildSettings = {
				ASSETCATALOG_COMPILER_APPICON_NAME = AppIcon;
				CODE_SIGN_STYLE = Automatic;
				DEVELOPMENT_TEAM = 5YKW89G53X;
				FRAMEWORK_SEARCH_PATHS = (
					"$(inherited)",
					"$(PROJECT_DIR)/iOS-Assignement",
				);
				INFOPLIST_FILE = "iOS-Assignement/Info.plist";
				IPHONEOS_DEPLOYMENT_TARGET = 13.0;
				LD_RUNPATH_SEARCH_PATHS = (
					"$(inherited)",
					"@executable_path/Frameworks",
				);
				OTHER_LDFLAGS = (
					"$(OTHER_LDFLAGS)",
					"-ObjC",
				);
				PRODUCT_BUNDLE_IDENTIFIER = "jboisjoli.iOS-Assignement";
				PRODUCT_NAME = "$(TARGET_NAME)";
				SWIFT_VERSION = 5.0;
				TARGETED_DEVICE_FAMILY = "1,2";
			};
			name = Debug;
		};
		3491644123DA5D8D00930411 /* Release */ = {
			isa = XCBuildConfiguration;
			baseConfigurationReference = 505E91CB56B1AB53CAE215A9 /* Pods-iOS-Assignement.release.xcconfig */;
			buildSettings = {
				ASSETCATALOG_COMPILER_APPICON_NAME = AppIcon;
				CODE_SIGN_STYLE = Automatic;
				DEVELOPMENT_TEAM = 5YKW89G53X;
				FRAMEWORK_SEARCH_PATHS = (
					"$(inherited)",
					"$(PROJECT_DIR)/iOS-Assignement",
				);
				INFOPLIST_FILE = "iOS-Assignement/Info.plist";
				IPHONEOS_DEPLOYMENT_TARGET = 13.0;
				LD_RUNPATH_SEARCH_PATHS = (
					"$(inherited)",
					"@executable_path/Frameworks",
				);
				OTHER_LDFLAGS = (
					"$(OTHER_LDFLAGS)",
					"-ObjC",
				);
				PRODUCT_BUNDLE_IDENTIFIER = "jboisjoli.iOS-Assignement";
				PRODUCT_NAME = "$(TARGET_NAME)";
				SWIFT_VERSION = 5.0;
				TARGETED_DEVICE_FAMILY = "1,2";
			};
			name = Release;
		};
		3491644323DA5D8D00930411 /* Debug */ = {
			isa = XCBuildConfiguration;
			baseConfigurationReference = 646C939505851A50B7837FF7 /* Pods-iOS-AssignementTests.debug.xcconfig */;
			buildSettings = {
				ALWAYS_EMBED_SWIFT_STANDARD_LIBRARIES = YES;
				BUNDLE_LOADER = "$(TEST_HOST)";
				CODE_SIGN_STYLE = Automatic;
				DEVELOPMENT_TEAM = 5YKW89G53X;
				INFOPLIST_FILE = "iOS-AssignementTests/Info.plist";
				IPHONEOS_DEPLOYMENT_TARGET = 13.2;
				LD_RUNPATH_SEARCH_PATHS = (
					"$(inherited)",
					"@executable_path/Frameworks",
					"@loader_path/Frameworks",
				);
				PRODUCT_BUNDLE_IDENTIFIER = "jboisjoli.iOS-AssignementTests";
				PRODUCT_NAME = "$(TARGET_NAME)";
				SWIFT_VERSION = 5.0;
				TARGETED_DEVICE_FAMILY = "1,2";
				TEST_HOST = "$(BUILT_PRODUCTS_DIR)/iOS-Assignement.app/iOS-Assignement";
			};
			name = Debug;
		};
		3491644423DA5D8D00930411 /* Release */ = {
			isa = XCBuildConfiguration;
			baseConfigurationReference = 58FA8F7643205054FEC02A2C /* Pods-iOS-AssignementTests.release.xcconfig */;
			buildSettings = {
				ALWAYS_EMBED_SWIFT_STANDARD_LIBRARIES = YES;
				BUNDLE_LOADER = "$(TEST_HOST)";
				CODE_SIGN_STYLE = Automatic;
				DEVELOPMENT_TEAM = 5YKW89G53X;
				INFOPLIST_FILE = "iOS-AssignementTests/Info.plist";
				IPHONEOS_DEPLOYMENT_TARGET = 13.2;
				LD_RUNPATH_SEARCH_PATHS = (
					"$(inherited)",
					"@executable_path/Frameworks",
					"@loader_path/Frameworks",
				);
				PRODUCT_BUNDLE_IDENTIFIER = "jboisjoli.iOS-AssignementTests";
				PRODUCT_NAME = "$(TARGET_NAME)";
				SWIFT_VERSION = 5.0;
				TARGETED_DEVICE_FAMILY = "1,2";
				TEST_HOST = "$(BUILT_PRODUCTS_DIR)/iOS-Assignement.app/iOS-Assignement";
			};
			name = Release;
		};
/* End XCBuildConfiguration section */

/* Begin XCConfigurationList section */
		3491641B23DA5D8C00930411 /* Build configuration list for PBXProject "iOS-Assignement" */ = {
			isa = XCConfigurationList;
			buildConfigurations = (
				3491643D23DA5D8D00930411 /* Debug */,
				3491643E23DA5D8D00930411 /* Release */,
			);
			defaultConfigurationIsVisible = 0;
			defaultConfigurationName = Release;
		};
		3491643F23DA5D8D00930411 /* Build configuration list for PBXNativeTarget "iOS-Assignement" */ = {
			isa = XCConfigurationList;
			buildConfigurations = (
				3491644023DA5D8D00930411 /* Debug */,
				3491644123DA5D8D00930411 /* Release */,
			);
			defaultConfigurationIsVisible = 0;
			defaultConfigurationName = Release;
		};
		3491644223DA5D8D00930411 /* Build configuration list for PBXNativeTarget "iOS-AssignementTests" */ = {
			isa = XCConfigurationList;
			buildConfigurations = (
				3491644323DA5D8D00930411 /* Debug */,
				3491644423DA5D8D00930411 /* Release */,
			);
			defaultConfigurationIsVisible = 0;
			defaultConfigurationName = Release;
		};
/* End XCConfigurationList section */

/* Begin XCRemoteSwiftPackageReference section */
		34A1851123DE494600A464DD /* XCRemoteSwiftPackageReference "realm-cocoa" */ = {
			isa = XCRemoteSwiftPackageReference;
			repositoryURL = "https://github.com/realm/realm-cocoa";
			requirement = {
				kind = upToNextMajorVersion;
				minimumVersion = 4.3.1;
			};
		};
/* End XCRemoteSwiftPackageReference section */

/* Begin XCSwiftPackageProductDependency section */
		34A1851223DE494600A464DD /* RealmSwift */ = {
			isa = XCSwiftPackageProductDependency;
			package = 34A1851123DE494600A464DD /* XCRemoteSwiftPackageReference "realm-cocoa" */;
			productName = RealmSwift;
		};
		34A1851423DE494600A464DD /* Realm */ = {
			isa = XCSwiftPackageProductDependency;
			package = 34A1851123DE494600A464DD /* XCRemoteSwiftPackageReference "realm-cocoa" */;
			productName = Realm;
		};
/* End XCSwiftPackageProductDependency section */
	};
	rootObject = 3491641823DA5D8C00930411 /* Project object */;
}
